// !$*UTF8*$!
{
	archiveVersion = 1;
	classes = {
	};
	objectVersion = 46;
	objects = {

/* Begin PBXBuildFile section */
		4D30FD0C65A540C1B1A307AB /* libPods.a in Frameworks */ = {isa = PBXBuildFile; fileRef = 5F7CD4BDBB6949AEB3F99151 /* libPods.a */; };
		91DFEEFD165999AC00F06C7E /* Default.png in Resources */ = {isa = PBXBuildFile; fileRef = 91DFEEFC165999AC00F06C7E /* Default.png */; };
		91DFEEFF165999AC00F06C7E /* Default-Landscape~ipad.png in Resources */ = {isa = PBXBuildFile; fileRef = 91DFEEFE165999AC00F06C7E /* Default-Landscape~ipad.png */; };
		91DFEF01165999AC00F06C7E /* fps_images.png in Resources */ = {isa = PBXBuildFile; fileRef = 91DFEF00165999AC00F06C7E /* fps_images.png */; };
		91DFEF03165999AC00F06C7E /* fps_images-hd.png in Resources */ = {isa = PBXBuildFile; fileRef = 91DFEF02165999AC00F06C7E /* fps_images-hd.png */; };
		91DFEF05165999AC00F06C7E /* fps_images-ipadhd.png in Resources */ = {isa = PBXBuildFile; fileRef = 91DFEF04165999AC00F06C7E /* fps_images-ipadhd.png */; };
		91DFEF07165999AC00F06C7E /* Icon-72.png in Resources */ = {isa = PBXBuildFile; fileRef = 91DFEF06165999AC00F06C7E /* Icon-72.png */; };
		91DFEF09165999AC00F06C7E /* Icon-Small-50.png in Resources */ = {isa = PBXBuildFile; fileRef = 91DFEF08165999AC00F06C7E /* Icon-Small-50.png */; };
		91DFEF0B165999AC00F06C7E /* Icon-Small.png in Resources */ = {isa = PBXBuildFile; fileRef = 91DFEF0A165999AC00F06C7E /* Icon-Small.png */; };
		91DFEF0D165999AC00F06C7E /* Icon-Small@2x.png in Resources */ = {isa = PBXBuildFile; fileRef = 91DFEF0C165999AC00F06C7E /* Icon-Small@2x.png */; };
		91DFEF0F165999AC00F06C7E /* Icon.png in Resources */ = {isa = PBXBuildFile; fileRef = 91DFEF0E165999AC00F06C7E /* Icon.png */; };
		91DFEF11165999AC00F06C7E /* Icon@2x.png in Resources */ = {isa = PBXBuildFile; fileRef = 91DFEF10165999AC00F06C7E /* Icon@2x.png */; };
		91DFEF14165999AC00F06C7E /* iTunesArtwork in Resources */ = {isa = PBXBuildFile; fileRef = 91DFEF13165999AC00F06C7E /* iTunesArtwork */; };
		91DFF071165999AE00F06C7E /* main.m in Sources */ = {isa = PBXBuildFile; fileRef = 91DFF070165999AE00F06C7E /* main.m */; };
		91DFF074165999AE00F06C7E /* AppDelegate.m in Sources */ = {isa = PBXBuildFile; fileRef = 91DFF073165999AE00F06C7E /* AppDelegate.m */; };
		91DFF077165999AE00F06C7E /* HelloWorldLayer.m in Sources */ = {isa = PBXBuildFile; fileRef = 91DFF076165999AE00F06C7E /* HelloWorldLayer.m */; };
		91DFF07A165999AE00F06C7E /* IntroLayer.m in Sources */ = {isa = PBXBuildFile; fileRef = 91DFF079165999AE00F06C7E /* IntroLayer.m */; };
/* End PBXBuildFile section */

/* Begin PBXFileReference section */
		553B74825DE3486B8AFAAFCD /* Pods.xcconfig */ = {isa = PBXFileReference; includeInIndex = 1; lastKnownFileType = text.xcconfig; name = Pods.xcconfig; path = Pods/Pods.xcconfig; sourceTree = "<group>"; };
		5F7CD4BDBB6949AEB3F99151 /* libPods.a */ = {isa = PBXFileReference; explicitFileType = archive.ar; includeInIndex = 0; path = libPods.a; sourceTree = BUILT_PRODUCTS_DIR; };
		91DFEEE4165999AC00F06C7E /* fudgeFactory.app */ = {isa = PBXFileReference; explicitFileType = wrapper.application; includeInIndex = 0; path = fudgeFactory.app; sourceTree = BUILT_PRODUCTS_DIR; };
		91DFEEE8165999AC00F06C7E /* QuartzCore.framework */ = {isa = PBXFileReference; lastKnownFileType = wrapper.framework; name = QuartzCore.framework; path = System/Library/Frameworks/QuartzCore.framework; sourceTree = SDKROOT; };
		91DFEEEA165999AC00F06C7E /* OpenGLES.framework */ = {isa = PBXFileReference; lastKnownFileType = wrapper.framework; name = OpenGLES.framework; path = System/Library/Frameworks/OpenGLES.framework; sourceTree = SDKROOT; };
		91DFEEEC165999AC00F06C7E /* OpenAL.framework */ = {isa = PBXFileReference; lastKnownFileType = wrapper.framework; name = OpenAL.framework; path = System/Library/Frameworks/OpenAL.framework; sourceTree = SDKROOT; };
		91DFEEEE165999AC00F06C7E /* AudioToolbox.framework */ = {isa = PBXFileReference; lastKnownFileType = wrapper.framework; name = AudioToolbox.framework; path = System/Library/Frameworks/AudioToolbox.framework; sourceTree = SDKROOT; };
		91DFEEF0165999AC00F06C7E /* AVFoundation.framework */ = {isa = PBXFileReference; lastKnownFileType = wrapper.framework; name = AVFoundation.framework; path = System/Library/Frameworks/AVFoundation.framework; sourceTree = SDKROOT; };
		91DFEEF2165999AC00F06C7E /* UIKit.framework */ = {isa = PBXFileReference; lastKnownFileType = wrapper.framework; name = UIKit.framework; path = System/Library/Frameworks/UIKit.framework; sourceTree = SDKROOT; };
		91DFEEF4165999AC00F06C7E /* Foundation.framework */ = {isa = PBXFileReference; lastKnownFileType = wrapper.framework; name = Foundation.framework; path = System/Library/Frameworks/Foundation.framework; sourceTree = SDKROOT; };
		91DFEEF6165999AC00F06C7E /* CoreGraphics.framework */ = {isa = PBXFileReference; lastKnownFileType = wrapper.framework; name = CoreGraphics.framework; path = System/Library/Frameworks/CoreGraphics.framework; sourceTree = SDKROOT; };
		91DFEEF8165999AC00F06C7E /* GameKit.framework */ = {isa = PBXFileReference; lastKnownFileType = wrapper.framework; name = GameKit.framework; path = System/Library/Frameworks/GameKit.framework; sourceTree = SDKROOT; };
		91DFEEFC165999AC00F06C7E /* Default.png */ = {isa = PBXFileReference; lastKnownFileType = image.png; name = Default.png; path = Resources/Default.png; sourceTree = "<group>"; };
		91DFEEFE165999AC00F06C7E /* Default-Landscape~ipad.png */ = {isa = PBXFileReference; lastKnownFileType = image.png; name = "Default-Landscape~ipad.png"; path = "Resources/Default-Landscape~ipad.png"; sourceTree = "<group>"; };
		91DFEF00165999AC00F06C7E /* fps_images.png */ = {isa = PBXFileReference; lastKnownFileType = image.png; name = fps_images.png; path = Resources/fps_images.png; sourceTree = "<group>"; };
		91DFEF02165999AC00F06C7E /* fps_images-hd.png */ = {isa = PBXFileReference; lastKnownFileType = image.png; name = "fps_images-hd.png"; path = "Resources/fps_images-hd.png"; sourceTree = "<group>"; };
		91DFEF04165999AC00F06C7E /* fps_images-ipadhd.png */ = {isa = PBXFileReference; lastKnownFileType = image.png; name = "fps_images-ipadhd.png"; path = "Resources/fps_images-ipadhd.png"; sourceTree = "<group>"; };
		91DFEF06165999AC00F06C7E /* Icon-72.png */ = {isa = PBXFileReference; lastKnownFileType = image.png; name = "Icon-72.png"; path = "Resources/Icon-72.png"; sourceTree = "<group>"; };
		91DFEF08165999AC00F06C7E /* Icon-Small-50.png */ = {isa = PBXFileReference; lastKnownFileType = image.png; name = "Icon-Small-50.png"; path = "Resources/Icon-Small-50.png"; sourceTree = "<group>"; };
		91DFEF0A165999AC00F06C7E /* Icon-Small.png */ = {isa = PBXFileReference; lastKnownFileType = image.png; name = "Icon-Small.png"; path = "Resources/Icon-Small.png"; sourceTree = "<group>"; };
		91DFEF0C165999AC00F06C7E /* Icon-Small@2x.png */ = {isa = PBXFileReference; lastKnownFileType = image.png; name = "Icon-Small@2x.png"; path = "Resources/Icon-Small@2x.png"; sourceTree = "<group>"; };
		91DFEF0E165999AC00F06C7E /* Icon.png */ = {isa = PBXFileReference; lastKnownFileType = image.png; name = Icon.png; path = Resources/Icon.png; sourceTree = "<group>"; };
		91DFEF10165999AC00F06C7E /* Icon@2x.png */ = {isa = PBXFileReference; lastKnownFileType = image.png; name = "Icon@2x.png"; path = "Resources/Icon@2x.png"; sourceTree = "<group>"; };
		91DFEF12165999AC00F06C7E /* Info.plist */ = {isa = PBXFileReference; lastKnownFileType = text.plist.xml; name = Info.plist; path = Resources/Info.plist; sourceTree = "<group>"; };
		91DFEF13165999AC00F06C7E /* iTunesArtwork */ = {isa = PBXFileReference; lastKnownFileType = file; name = iTunesArtwork; path = Resources/iTunesArtwork; sourceTree = "<group>"; };
		91DFF06F165999AE00F06C7E /* Prefix.pch */ = {isa = PBXFileReference; lastKnownFileType = sourcecode.c.h; path = Prefix.pch; sourceTree = "<group>"; };
		91DFF070165999AE00F06C7E /* main.m */ = {isa = PBXFileReference; lastKnownFileType = sourcecode.c.objc; path = main.m; sourceTree = "<group>"; };
		91DFF072165999AE00F06C7E /* AppDelegate.h */ = {isa = PBXFileReference; lastKnownFileType = sourcecode.c.h; path = AppDelegate.h; sourceTree = "<group>"; };
		91DFF073165999AE00F06C7E /* AppDelegate.m */ = {isa = PBXFileReference; lastKnownFileType = sourcecode.c.objc; path = AppDelegate.m; sourceTree = "<group>"; };
		91DFF075165999AE00F06C7E /* HelloWorldLayer.h */ = {isa = PBXFileReference; lastKnownFileType = sourcecode.c.h; path = HelloWorldLayer.h; sourceTree = "<group>"; };
		91DFF076165999AE00F06C7E /* HelloWorldLayer.m */ = {isa = PBXFileReference; lastKnownFileType = sourcecode.c.objc; path = HelloWorldLayer.m; sourceTree = "<group>"; };
		91DFF078165999AE00F06C7E /* IntroLayer.h */ = {isa = PBXFileReference; lastKnownFileType = sourcecode.c.h; path = IntroLayer.h; sourceTree = "<group>"; };
		91DFF079165999AE00F06C7E /* IntroLayer.m */ = {isa = PBXFileReference; lastKnownFileType = sourcecode.c.objc; path = IntroLayer.m; sourceTree = "<group>"; };
/* End PBXFileReference section */

/* Begin PBXFrameworksBuildPhase section */
		5055316509B849108EAE1487 /* Frameworks */ = {
			isa = PBXFrameworksBuildPhase;
			buildActionMask = 2147483647;
			files = (
				4D30FD0C65A540C1B1A307AB /* libPods.a in Frameworks */,
			);
			runOnlyForDeploymentPostprocessing = 0;
		};
/* End PBXFrameworksBuildPhase section */

/* Begin PBXGroup section */
		91DFEED9165999AC00F06C7E = {
			isa = PBXGroup;
			children = (
				91DFEEFA165999AC00F06C7E /* fudgeFactory */,
				91DFEEE7165999AC00F06C7E /* Frameworks */,
				91DFEEE5165999AC00F06C7E /* Products */,
				553B74825DE3486B8AFAAFCD /* Pods.xcconfig */,
			);
			sourceTree = "<group>";
		};
		91DFEEE5165999AC00F06C7E /* Products */ = {
			isa = PBXGroup;
			children = (
				91DFEEE4165999AC00F06C7E /* fudgeFactory.app */,
			);
			name = Products;
			sourceTree = "<group>";
		};
		91DFEEE7165999AC00F06C7E /* Frameworks */ = {
			isa = PBXGroup;
			children = (
				91DFEEE8165999AC00F06C7E /* QuartzCore.framework */,
				91DFEEEA165999AC00F06C7E /* OpenGLES.framework */,
				91DFEEEC165999AC00F06C7E /* OpenAL.framework */,
				91DFEEEE165999AC00F06C7E /* AudioToolbox.framework */,
				91DFEEF0165999AC00F06C7E /* AVFoundation.framework */,
				91DFEEF2165999AC00F06C7E /* UIKit.framework */,
				91DFEEF4165999AC00F06C7E /* Foundation.framework */,
				91DFEEF6165999AC00F06C7E /* CoreGraphics.framework */,
				91DFEEF8165999AC00F06C7E /* GameKit.framework */,
				5F7CD4BDBB6949AEB3F99151 /* libPods.a */,
			);
			name = Frameworks;
			sourceTree = "<group>";
		};
		91DFEEFA165999AC00F06C7E /* fudgeFactory */ = {
			isa = PBXGroup;
			children = (
				91DFF072165999AE00F06C7E /* AppDelegate.h */,
				91DFF073165999AE00F06C7E /* AppDelegate.m */,
				91DFF075165999AE00F06C7E /* HelloWorldLayer.h */,
				91DFF076165999AE00F06C7E /* HelloWorldLayer.m */,
				91DFF078165999AE00F06C7E /* IntroLayer.h */,
				91DFF079165999AE00F06C7E /* IntroLayer.m */,
				91DFEEFB165999AC00F06C7E /* Resources */,
				91DFF06E165999AE00F06C7E /* Supporting Files */,
			);
			path = fudgeFactory;
			sourceTree = "<group>";
		};
		91DFEEFB165999AC00F06C7E /* Resources */ = {
			isa = PBXGroup;
			children = (
				91DFEEFC165999AC00F06C7E /* Default.png */,
				91DFEEFE165999AC00F06C7E /* Default-Landscape~ipad.png */,
				91DFEF00165999AC00F06C7E /* fps_images.png */,
				91DFEF02165999AC00F06C7E /* fps_images-hd.png */,
				91DFEF04165999AC00F06C7E /* fps_images-ipadhd.png */,
				91DFEF06165999AC00F06C7E /* Icon-72.png */,
				91DFEF08165999AC00F06C7E /* Icon-Small-50.png */,
				91DFEF0A165999AC00F06C7E /* Icon-Small.png */,
				91DFEF0C165999AC00F06C7E /* Icon-Small@2x.png */,
				91DFEF0E165999AC00F06C7E /* Icon.png */,
				91DFEF10165999AC00F06C7E /* Icon@2x.png */,
				91DFEF12165999AC00F06C7E /* Info.plist */,
				91DFEF13165999AC00F06C7E /* iTunesArtwork */,
			);
			name = Resources;
			sourceTree = "<group>";
		};
		91DFF06E165999AE00F06C7E /* Supporting Files */ = {
			isa = PBXGroup;
			children = (
				91DFF06F165999AE00F06C7E /* Prefix.pch */,
				91DFF070165999AE00F06C7E /* main.m */,
			);
			name = "Supporting Files";
			sourceTree = "<group>";
		};
/* End PBXGroup section */

/* Begin PBXNativeTarget section */
		91DFEEE3165999AC00F06C7E /* fudgeFactory */ = {
			isa = PBXNativeTarget;
			buildConfigurationList = 91DFF07D165999AE00F06C7E /* Build configuration list for PBXNativeTarget "fudgeFactory" */;
			buildPhases = (
				199F0453A5884F89988AC03C /* Check Pods Manifest.lock */,
				91DFEEE0165999AC00F06C7E /* Sources */,
				91DFEEE2165999AC00F06C7E /* Resources */,
				50EBEAFA76814480845A6ADA /* Copy Pods Resources */,
				5055316509B849108EAE1487 /* Frameworks */,
			);
			buildRules = (
			);
			dependencies = (
			);
			name = fudgeFactory;
			productName = fudgeFactory;
			productReference = 91DFEEE4165999AC00F06C7E /* fudgeFactory.app */;
			productType = "com.apple.product-type.application";
		};
/* End PBXNativeTarget section */

/* Begin PBXProject section */
		91DFEEDB165999AC00F06C7E /* Project object */ = {
			isa = PBXProject;
			attributes = {
				LastUpgradeCheck = 0450;
			};
			buildConfigurationList = 91DFEEDE165999AC00F06C7E /* Build configuration list for PBXProject "fudgeFactory" */;
			compatibilityVersion = "Xcode 3.2";
			developmentRegion = English;
			hasScannedForEncodings = 0;
			knownRegions = (
				en,
			);
			mainGroup = 91DFEED9165999AC00F06C7E;
			productRefGroup = 91DFEEE5165999AC00F06C7E /* Products */;
			projectDirPath = "";
			projectRoot = "";
			targets = (
				91DFEEE3165999AC00F06C7E /* fudgeFactory */,
			);
		};
/* End PBXProject section */

/* Begin PBXResourcesBuildPhase section */
		91DFEEE2165999AC00F06C7E /* Resources */ = {
			isa = PBXResourcesBuildPhase;
			buildActionMask = 2147483647;
			files = (
				91DFEEFD165999AC00F06C7E /* Default.png in Resources */,
				91DFEEFF165999AC00F06C7E /* Default-Landscape~ipad.png in Resources */,
				91DFEF01165999AC00F06C7E /* fps_images.png in Resources */,
				91DFEF03165999AC00F06C7E /* fps_images-hd.png in Resources */,
				91DFEF05165999AC00F06C7E /* fps_images-ipadhd.png in Resources */,
				91DFEF07165999AC00F06C7E /* Icon-72.png in Resources */,
				91DFEF09165999AC00F06C7E /* Icon-Small-50.png in Resources */,
				91DFEF0B165999AC00F06C7E /* Icon-Small.png in Resources */,
				91DFEF0D165999AC00F06C7E /* Icon-Small@2x.png in Resources */,
				91DFEF0F165999AC00F06C7E /* Icon.png in Resources */,
				91DFEF11165999AC00F06C7E /* Icon@2x.png in Resources */,
				91DFEF14165999AC00F06C7E /* iTunesArtwork in Resources */,
			);
			runOnlyForDeploymentPostprocessing = 0;
		};
/* End PBXResourcesBuildPhase section */

/* Begin PBXShellScriptBuildPhase section */
		199F0453A5884F89988AC03C /* Check Pods Manifest.lock */ = {
			isa = PBXShellScriptBuildPhase;
			buildActionMask = 2147483647;
			files = (
			);
			inputPaths = (
			);
			name = "Check Pods Manifest.lock";
			outputPaths = (
			);
			runOnlyForDeploymentPostprocessing = 0;
			shellPath = /bin/sh;
			shellScript = "diff \"${PODS_ROOT}/../Podfile.lock\" \"${PODS_ROOT}/Manifest.lock\" > /dev/null\nif [[ $? != 0 ]] ; then\n    cat << EOM\nerror: The sandbox is not in sync with the Podfile.lock. Run 'pod install' or update your CocoaPods installation.\nEOM\n    exit 1\nfi\n";
			showEnvVarsInLog = 0;
		};
		50EBEAFA76814480845A6ADA /* Copy Pods Resources */ = {
			isa = PBXShellScriptBuildPhase;
			buildActionMask = 2147483647;
			files = (
			);
			inputPaths = (
			);
			name = "Copy Pods Resources";
			outputPaths = (
			);
			runOnlyForDeploymentPostprocessing = 0;
			shellPath = /bin/sh;
			shellScript = "\"${SRCROOT}/Pods/Pods-resources.sh\"\n";
			showEnvVarsInLog = 0;
		};
/* End PBXShellScriptBuildPhase section */

/* Begin PBXSourcesBuildPhase section */
		91DFEEE0165999AC00F06C7E /* Sources */ = {
			isa = PBXSourcesBuildPhase;
			buildActionMask = 2147483647;
			files = (
				91DFF071165999AE00F06C7E /* main.m in Sources */,
				91DFF074165999AE00F06C7E /* AppDelegate.m in Sources */,
				91DFF077165999AE00F06C7E /* HelloWorldLayer.m in Sources */,
				91DFF07A165999AE00F06C7E /* IntroLayer.m in Sources */,
			);
			runOnlyForDeploymentPostprocessing = 0;
		};
/* End PBXSourcesBuildPhase section */

/* Begin XCBuildConfiguration section */
		91DFF07B165999AE00F06C7E /* Debug */ = {
			isa = XCBuildConfiguration;
			buildSettings = {
				ARCHS = "$(ARCHS_STANDARD_32_BIT)";
				"CODE_SIGN_IDENTITY[sdk=iphoneos*]" = "iPhone Developer";
				GCC_C_LANGUAGE_STANDARD = gnu99;
				GCC_OPTIMIZATION_LEVEL = 0;
				GCC_PREPROCESSOR_DEFINITIONS = (
					DEBUG,
					"COCOS2D_DEBUG=1",
				);
				GCC_SYMBOLS_PRIVATE_EXTERN = NO;
				GCC_VERSION = com.apple.compilers.llvm.clang.1_0;
				GCC_WARN_ABOUT_RETURN_TYPE = YES;
				GCC_WARN_UNUSED_VARIABLE = YES;
				IPHONEOS_DEPLOYMENT_TARGET = 7.0;
				SDKROOT = iphoneos;
				TARGETED_DEVICE_FAMILY = 1;
			};
			name = Debug;
		};
		91DFF07C165999AE00F06C7E /* Release */ = {
			isa = XCBuildConfiguration;
			buildSettings = {
				ARCHS = "$(ARCHS_STANDARD_32_BIT)";
				"CODE_SIGN_IDENTITY[sdk=iphoneos*]" = "iPhone Developer";
				GCC_C_LANGUAGE_STANDARD = gnu99;
				GCC_PREPROCESSOR_DEFINITIONS = (
					NDEBUG,
					"NS_BLOCK_ASSERTIONS=1",
				);
				GCC_VERSION = com.apple.compilers.llvm.clang.1_0;
				GCC_WARN_ABOUT_RETURN_TYPE = YES;
				GCC_WARN_UNUSED_VARIABLE = YES;
				IPHONEOS_DEPLOYMENT_TARGET = 7.0;
				SDKROOT = iphoneos;
				TARGETED_DEVICE_FAMILY = 1;
			};
			name = Release;
		};
		91DFF07E165999AE00F06C7E /* Debug */ = {
			isa = XCBuildConfiguration;
			baseConfigurationReference = 553B74825DE3486B8AFAAFCD /* Pods.xcconfig */;
			buildSettings = {
				ALWAYS_SEARCH_USER_PATHS = NO;
				CLANG_ENABLE_OBJC_ARC = YES;
				COPY_PHASE_STRIP = NO;
				GCC_DYNAMIC_NO_PIC = NO;
				GCC_PRECOMPILE_PREFIX_HEADER = YES;
				GCC_PREFIX_HEADER = fudgeFactory/Prefix.pch;
				INFOPLIST_FILE = fudgeFactory/Resources/Info.plist;
				IPHONEOS_DEPLOYMENT_TARGET = 7.0;
				"LIBRARY_SEARCH_PATHS[arch=*]" = "$(PODS_ROOT)/build/Debug-iphonesimulator";
				PRODUCT_NAME = "$(TARGET_NAME)";
				TARGETED_DEVICE_FAMILY = "1,2";
				WRAPPER_EXTENSION = app;
			};
			name = Debug;
		};
		91DFF07F165999AE00F06C7E /* Release */ = {
			isa = XCBuildConfiguration;
			baseConfigurationReference = 553B74825DE3486B8AFAAFCD /* Pods.xcconfig */;
			buildSettings = {
				ALWAYS_SEARCH_USER_PATHS = NO;
				CLANG_ENABLE_OBJC_ARC = YES;
				COPY_PHASE_STRIP = YES;
				GCC_PRECOMPILE_PREFIX_HEADER = YES;
				GCC_PREFIX_HEADER = fudgeFactory/Prefix.pch;
				INFOPLIST_FILE = fudgeFactory/Resources/Info.plist;
				IPHONEOS_DEPLOYMENT_TARGET = 7.0;
				PRODUCT_NAME = "$(TARGET_NAME)";
				TARGETED_DEVICE_FAMILY = "1,2";
				VALIDATE_PRODUCT = YES;
				WRAPPER_EXTENSION = app;
			};
			name = Release;
		};
/* End XCBuildConfiguration section */

/* Begin XCConfigurationList section */
		91DFEEDE165999AC00F06C7E /* Build configuration list for PBXProject "fudgeFactory" */ = {
			isa = XCConfigurationList;
			buildConfigurations = (
				91DFF07B165999AE00F06C7E /* Debug */,
				91DFF07C165999AE00F06C7E /* Release */,
			);
			defaultConfigurationIsVisible = 0;
			defaultConfigurationName = Release;
		};
		91DFF07D165999AE00F06C7E /* Build configuration list for PBXNativeTarget "fudgeFactory" */ = {
			isa = XCConfigurationList;
			buildConfigurations = (
				91DFF07E165999AE00F06C7E /* Debug */,
				91DFF07F165999AE00F06C7E /* Release */,
			);
			defaultConfigurationIsVisible = 0;
			defaultConfigurationName = Release;
		};
/* End XCConfigurationList section */
	};
	rootObject = 91DFEEDB165999AC00F06C7E /* Project object */;
}
